
Microsoft Visual Studio Solution File, Format Version 12.00
# Visual Studio Version 17
VisualStudioVersion = 17.4.33213.308
MinimumVisualStudioVersion = 10.0.40219.1
Project("{FAE04EC0-301F-11D3-BF4B-00C04F79EFBC}") = "CarlosLucas", "CarlosLucas.csproj", "{DDEDD6A7-A36C-466A-8B71-2E0B96EE5B4C}"
EndProject
Global
	GlobalSection(SolutionConfigurationPlatforms) = preSolution
		Debug|Any CPU = Debug|Any CPU
		Release|Any CPU = Release|Any CPU
	EndGlobalSection
	GlobalSection(ProjectConfigurationPlatforms) = postSolution
		{DDEDD6A7-A36C-466A-8B71-2E0B96EE5B4C}.Debug|Any CPU.ActiveCfg = Debug|Any CPU
		{DDEDD6A7-A36C-466A-8B71-2E0B96EE5B4C}.Debug|Any CPU.Build.0 = Debug|Any CPU
		{DDEDD6A7-A36C-466A-8B71-2E0B96EE5B4C}.Release|Any CPU.ActiveCfg = Release|Any CPU
		{DDEDD6A7-A36C-466A-8B71-2E0B96EE5B4C}.Release|Any CPU.Build.0 = Release|Any CPU
	EndGlobalSection
	GlobalSection(SolutionProperties) = preSolution
		HideSolutionNode = FALSE
	EndGlobalSection
	GlobalSection(ExtensibilityGlobals) = postSolution
		SolutionGuid = {1E98EFEF-4DD4-4EBE-A003-0C8CD66878A7}
	EndGlobalSection
EndGlobal
